
Microsoft Visual Studio Solution File, Format Version 12.00
# Visual Studio Version 16
VisualStudioVersion = 16.0.31321.278
MinimumVisualStudioVersion = 10.0.40219.1
Project("{FAE04EC0-301F-11D3-BF4B-00C04F79EFBC}") = "RSSQLRestAPICore", "RSSQLRestAPICore.csproj", "{BAD652F4-AF25-47C4-8DB1-8CD5ABE0879C}"
EndProject
Global
	GlobalSection(SolutionConfigurationPlatforms) = preSolution
		Debug|Any CPU = Debug|Any CPU
		Release|Any CPU = Release|Any CPU
	EndGlobalSection
	GlobalSection(ProjectConfigurationPlatforms) = postSolution
		{BAD652F4-AF25-47C4-8DB1-8CD5ABE0879C}.Debug|Any CPU.ActiveCfg = Debug|Any CPU
		{BAD652F4-AF25-47C4-8DB1-8CD5ABE0879C}.Debug|Any CPU.Build.0 = Debug|Any CPU
		{BAD652F4-AF25-47C4-8DB1-8CD5ABE0879C}.Release|Any CPU.ActiveCfg = Release|Any CPU
		{BAD652F4-AF25-47C4-8DB1-8CD5ABE0879C}.Release|Any CPU.Build.0 = Release|Any CPU
	EndGlobalSection
	GlobalSection(SolutionProperties) = preSolution
		HideSolutionNode = FALSE
	EndGlobalSection
	GlobalSection(ExtensibilityGlobals) = postSolution
		SolutionGuid = {98634B7C-3379-4934-BA6B-93F5F5802B2D}
	EndGlobalSection
EndGlobal
